// !$*UTF8*$!
{
	archiveVersion = 1;
	classes = {
	};
	objectVersion = 55;
	objects = {

/* Begin PBXBuildFile section */
		5E4A674F27D8BB8C00CD84A9 /* FilmSimulationMemoPackage in Frameworks */ = {isa = PBXBuildFile; productRef = 5E4A674E27D8BB8C00CD84A9 /* FilmSimulationMemoPackage */; };
		5EC0C97227D8BAB0009C3BE5 /* FilmSimulationMemoApp.swift in Sources */ = {isa = PBXBuildFile; fileRef = 5EC0C97127D8BAB0009C3BE5 /* FilmSimulationMemoApp.swift */; };
		5EC0C97627D8BAB1009C3BE5 /* Assets.xcassets in Resources */ = {isa = PBXBuildFile; fileRef = 5EC0C97527D8BAB1009C3BE5 /* Assets.xcassets */; };
		5EC0C97927D8BAB1009C3BE5 /* Preview Assets.xcassets in Resources */ = {isa = PBXBuildFile; fileRef = 5EC0C97827D8BAB1009C3BE5 /* Preview Assets.xcassets */; };
		5EC0C98327D8BAB1009C3BE5 /* FilmSimulationMemoTests.swift in Sources */ = {isa = PBXBuildFile; fileRef = 5EC0C98227D8BAB1009C3BE5 /* FilmSimulationMemoTests.swift */; };
		5EC0C98D27D8BAB1009C3BE5 /* FilmSimulationMemoUITests.swift in Sources */ = {isa = PBXBuildFile; fileRef = 5EC0C98C27D8BAB1009C3BE5 /* FilmSimulationMemoUITests.swift */; };
		5EC0C98F27D8BAB1009C3BE5 /* FilmSimulationMemoUITestsLaunchTests.swift in Sources */ = {isa = PBXBuildFile; fileRef = 5EC0C98E27D8BAB1009C3BE5 /* FilmSimulationMemoUITestsLaunchTests.swift */; };
/* End PBXBuildFile section */

/* Begin PBXContainerItemProxy section */
		5EC0C97F27D8BAB1009C3BE5 /* PBXContainerItemProxy */ = {
			isa = PBXContainerItemProxy;
			containerPortal = 5EC0C96627D8BAB0009C3BE5 /* Project object */;
			proxyType = 1;
			remoteGlobalIDString = 5EC0C96D27D8BAB0009C3BE5;
			remoteInfo = FilmSimulationMemo;
		};
		5EC0C98927D8BAB1009C3BE5 /* PBXContainerItemProxy */ = {
			isa = PBXContainerItemProxy;
			containerPortal = 5EC0C96627D8BAB0009C3BE5 /* Project object */;
			proxyType = 1;
			remoteGlobalIDString = 5EC0C96D27D8BAB0009C3BE5;
			remoteInfo = FilmSimulationMemo;
		};
/* End PBXContainerItemProxy section */

/* Begin PBXFileReference section */
		5EC0C96E27D8BAB0009C3BE5 /* FilmSimulationMemo.app */ = {isa = PBXFileReference; explicitFileType = wrapper.application; includeInIndex = 0; path = FilmSimulationMemo.app; sourceTree = BUILT_PRODUCTS_DIR; };
		5EC0C97127D8BAB0009C3BE5 /* FilmSimulationMemoApp.swift */ = {isa = PBXFileReference; lastKnownFileType = sourcecode.swift; path = FilmSimulationMemoApp.swift; sourceTree = "<group>"; };
		5EC0C97527D8BAB1009C3BE5 /* Assets.xcassets */ = {isa = PBXFileReference; lastKnownFileType = folder.assetcatalog; path = Assets.xcassets; sourceTree = "<group>"; };
		5EC0C97827D8BAB1009C3BE5 /* Preview Assets.xcassets */ = {isa = PBXFileReference; lastKnownFileType = folder.assetcatalog; path = "Preview Assets.xcassets"; sourceTree = "<group>"; };
		5EC0C97E27D8BAB1009C3BE5 /* FilmSimulationMemoTests.xctest */ = {isa = PBXFileReference; explicitFileType = wrapper.cfbundle; includeInIndex = 0; path = FilmSimulationMemoTests.xctest; sourceTree = BUILT_PRODUCTS_DIR; };
		5EC0C98227D8BAB1009C3BE5 /* FilmSimulationMemoTests.swift */ = {isa = PBXFileReference; lastKnownFileType = sourcecode.swift; path = FilmSimulationMemoTests.swift; sourceTree = "<group>"; };
		5EC0C98827D8BAB1009C3BE5 /* FilmSimulationMemoUITests.xctest */ = {isa = PBXFileReference; explicitFileType = wrapper.cfbundle; includeInIndex = 0; path = FilmSimulationMemoUITests.xctest; sourceTree = BUILT_PRODUCTS_DIR; };
		5EC0C98C27D8BAB1009C3BE5 /* FilmSimulationMemoUITests.swift */ = {isa = PBXFileReference; lastKnownFileType = sourcecode.swift; path = FilmSimulationMemoUITests.swift; sourceTree = "<group>"; };
		5EC0C98E27D8BAB1009C3BE5 /* FilmSimulationMemoUITestsLaunchTests.swift */ = {isa = PBXFileReference; lastKnownFileType = sourcecode.swift; path = FilmSimulationMemoUITestsLaunchTests.swift; sourceTree = "<group>"; };
/* End PBXFileReference section */

/* Begin PBXFrameworksBuildPhase section */
		5EC0C96B27D8BAB0009C3BE5 /* Frameworks */ = {
			isa = PBXFrameworksBuildPhase;
			buildActionMask = 2147483647;
			files = (
				5E4A674F27D8BB8C00CD84A9 /* FilmSimulationMemoPackage in Frameworks */,
			);
			runOnlyForDeploymentPostprocessing = 0;
		};
		5EC0C97B27D8BAB1009C3BE5 /* Frameworks */ = {
			isa = PBXFrameworksBuildPhase;
			buildActionMask = 2147483647;
			files = (
			);
			runOnlyForDeploymentPostprocessing = 0;
		};
		5EC0C98527D8BAB1009C3BE5 /* Frameworks */ = {
			isa = PBXFrameworksBuildPhase;
			buildActionMask = 2147483647;
			files = (
			);
			runOnlyForDeploymentPostprocessing = 0;
		};
/* End PBXFrameworksBuildPhase section */

/* Begin PBXGroup section */
		5E4A674D27D8BB8C00CD84A9 /* Frameworks */ = {
			isa = PBXGroup;
			children = (
			);
			name = Frameworks;
			sourceTree = "<group>";
		};
		5EC0C96527D8BAB0009C3BE5 = {
			isa = PBXGroup;
			children = (
				5EC0C97027D8BAB0009C3BE5 /* FilmSimulationMemo */,
				5EC0C98127D8BAB1009C3BE5 /* FilmSimulationMemoTests */,
				5EC0C98B27D8BAB1009C3BE5 /* FilmSimulationMemoUITests */,
				5EC0C96F27D8BAB0009C3BE5 /* Products */,
				5E4A674D27D8BB8C00CD84A9 /* Frameworks */,
			);
			sourceTree = "<group>";
		};
		5EC0C96F27D8BAB0009C3BE5 /* Products */ = {
			isa = PBXGroup;
			children = (
				5EC0C96E27D8BAB0009C3BE5 /* FilmSimulationMemo.app */,
				5EC0C97E27D8BAB1009C3BE5 /* FilmSimulationMemoTests.xctest */,
				5EC0C98827D8BAB1009C3BE5 /* FilmSimulationMemoUITests.xctest */,
			);
			name = Products;
			sourceTree = "<group>";
		};
		5EC0C97027D8BAB0009C3BE5 /* FilmSimulationMemo */ = {
			isa = PBXGroup;
			children = (
				5EC0C97127D8BAB0009C3BE5 /* FilmSimulationMemoApp.swift */,
				5EC0C97527D8BAB1009C3BE5 /* Assets.xcassets */,
				5EC0C97727D8BAB1009C3BE5 /* Preview Content */,
			);
			path = FilmSimulationMemo;
			sourceTree = "<group>";
		};
		5EC0C97727D8BAB1009C3BE5 /* Preview Content */ = {
			isa = PBXGroup;
			children = (
				5EC0C97827D8BAB1009C3BE5 /* Preview Assets.xcassets */,
			);
			path = "Preview Content";
			sourceTree = "<group>";
		};
		5EC0C98127D8BAB1009C3BE5 /* FilmSimulationMemoTests */ = {
			isa = PBXGroup;
			children = (
				5EC0C98227D8BAB1009C3BE5 /* FilmSimulationMemoTests.swift */,
			);
			path = FilmSimulationMemoTests;
			sourceTree = "<group>";
		};
		5EC0C98B27D8BAB1009C3BE5 /* FilmSimulationMemoUITests */ = {
			isa = PBXGroup;
			children = (
				5EC0C98C27D8BAB1009C3BE5 /* FilmSimulationMemoUITests.swift */,
				5EC0C98E27D8BAB1009C3BE5 /* FilmSimulationMemoUITestsLaunchTests.swift */,
			);
			path = FilmSimulationMemoUITests;
			sourceTree = "<group>";
		};
/* End PBXGroup section */

/* Begin PBXNativeTarget section */
		5EC0C96D27D8BAB0009C3BE5 /* FilmSimulationMemo */ = {
			isa = PBXNativeTarget;
			buildConfigurationList = 5EC0C99227D8BAB1009C3BE5 /* Build configuration list for PBXNativeTarget "FilmSimulationMemo" */;
			buildPhases = (
				5EC0C96A27D8BAB0009C3BE5 /* Sources */,
				5EC0C96B27D8BAB0009C3BE5 /* Frameworks */,
				5EC0C96C27D8BAB0009C3BE5 /* Resources */,
			);
			buildRules = (
			);
			dependencies = (
			);
			name = FilmSimulationMemo;
			packageProductDependencies = (
				5E4A674E27D8BB8C00CD84A9 /* FilmSimulationMemoPackage */,
			);
			productName = FilmSimulationMemo;
			productReference = 5EC0C96E27D8BAB0009C3BE5 /* FilmSimulationMemo.app */;
			productType = "com.apple.product-type.application";
		};
		5EC0C97D27D8BAB1009C3BE5 /* FilmSimulationMemoTests */ = {
			isa = PBXNativeTarget;
			buildConfigurationList = 5EC0C99527D8BAB1009C3BE5 /* Build configuration list for PBXNativeTarget "FilmSimulationMemoTests" */;
			buildPhases = (
				5EC0C97A27D8BAB1009C3BE5 /* Sources */,
				5EC0C97B27D8BAB1009C3BE5 /* Frameworks */,
				5EC0C97C27D8BAB1009C3BE5 /* Resources */,
			);
			buildRules = (
			);
			dependencies = (
				5EC0C98027D8BAB1009C3BE5 /* PBXTargetDependency */,
			);
			name = FilmSimulationMemoTests;
			productName = FilmSimulationMemoTests;
			productReference = 5EC0C97E27D8BAB1009C3BE5 /* FilmSimulationMemoTests.xctest */;
			productType = "com.apple.product-type.bundle.unit-test";
		};
		5EC0C98727D8BAB1009C3BE5 /* FilmSimulationMemoUITests */ = {
			isa = PBXNativeTarget;
			buildConfigurationList = 5EC0C99827D8BAB1009C3BE5 /* Build configuration list for PBXNativeTarget "FilmSimulationMemoUITests" */;
			buildPhases = (
				5EC0C98427D8BAB1009C3BE5 /* Sources */,
				5EC0C98527D8BAB1009C3BE5 /* Frameworks */,
				5EC0C98627D8BAB1009C3BE5 /* Resources */,
			);
			buildRules = (
			);
			dependencies = (
				5EC0C98A27D8BAB1009C3BE5 /* PBXTargetDependency */,
			);
			name = FilmSimulationMemoUITests;
			productName = FilmSimulationMemoUITests;
			productReference = 5EC0C98827D8BAB1009C3BE5 /* FilmSimulationMemoUITests.xctest */;
			productType = "com.apple.product-type.bundle.ui-testing";
		};
/* End PBXNativeTarget section */

/* Begin PBXProject section */
		5EC0C96627D8BAB0009C3BE5 /* Project object */ = {
			isa = PBXProject;
			attributes = {
				BuildIndependentTargetsInParallel = 1;
				LastSwiftUpdateCheck = 1320;
				LastUpgradeCheck = 1320;
				TargetAttributes = {
					5EC0C96D27D8BAB0009C3BE5 = {
						CreatedOnToolsVersion = 13.2.1;
					};
					5EC0C97D27D8BAB1009C3BE5 = {
						CreatedOnToolsVersion = 13.2.1;
						TestTargetID = 5EC0C96D27D8BAB0009C3BE5;
					};
					5EC0C98727D8BAB1009C3BE5 = {
						CreatedOnToolsVersion = 13.2.1;
						TestTargetID = 5EC0C96D27D8BAB0009C3BE5;
					};
				};
			};
			buildConfigurationList = 5EC0C96927D8BAB0009C3BE5 /* Build configuration list for PBXProject "FilmSimulationMemo" */;
			compatibilityVersion = "Xcode 13.0";
			developmentRegion = en;
			hasScannedForEncodings = 0;
			knownRegions = (
				en,
				Base,
			);
			mainGroup = 5EC0C96527D8BAB0009C3BE5;
			productRefGroup = 5EC0C96F27D8BAB0009C3BE5 /* Products */;
			projectDirPath = "";
			projectRoot = "";
			targets = (
				5EC0C96D27D8BAB0009C3BE5 /* FilmSimulationMemo */,
				5EC0C97D27D8BAB1009C3BE5 /* FilmSimulationMemoTests */,
				5EC0C98727D8BAB1009C3BE5 /* FilmSimulationMemoUITests */,
			);
		};
/* End PBXProject section */

/* Begin PBXResourcesBuildPhase section */
		5EC0C96C27D8BAB0009C3BE5 /* Resources */ = {
			isa = PBXResourcesBuildPhase;
			buildActionMask = 2147483647;
			files = (
				5EC0C97927D8BAB1009C3BE5 /* Preview Assets.xcassets in Resources */,
				5EC0C97627D8BAB1009C3BE5 /* Assets.xcassets in Resources */,
			);
			runOnlyForDeploymentPostprocessing = 0;
		};
		5EC0C97C27D8BAB1009C3BE5 /* Resources */ = {
			isa = PBXResourcesBuildPhase;
			buildActionMask = 2147483647;
			files = (
			);
			runOnlyForDeploymentPostprocessing = 0;
		};
		5EC0C98627D8BAB1009C3BE5 /* Resources */ = {
			isa = PBXResourcesBuildPhase;
			buildActionMask = 2147483647;
			files = (
			);
			runOnlyForDeploymentPostprocessing = 0;
		};
/* End PBXResourcesBuildPhase section */

/* Begin PBXSourcesBuildPhase section */
		5EC0C96A27D8BAB0009C3BE5 /* Sources */ = {
			isa = PBXSourcesBuildPhase;
			buildActionMask = 2147483647;
			files = (
				5EC0C97227D8BAB0009C3BE5 /* FilmSimulationMemoApp.swift in Sources */,
			);
			runOnlyForDeploymentPostprocessing = 0;
		};
		5EC0C97A27D8BAB1009C3BE5 /* Sources */ = {
			isa = PBXSourcesBuildPhase;
			buildActionMask = 2147483647;
			files = (
				5EC0C98327D8BAB1009C3BE5 /* FilmSimulationMemoTests.swift in Sources */,
			);
			runOnlyForDeploymentPostprocessing = 0;
		};
		5EC0C98427D8BAB1009C3BE5 /* Sources */ = {
			isa = PBXSourcesBuildPhase;
			buildActionMask = 2147483647;
			files = (
				5EC0C98D27D8BAB1009C3BE5 /* FilmSimulationMemoUITests.swift in Sources */,
				5EC0C98F27D8BAB1009C3BE5 /* FilmSimulationMemoUITestsLaunchTests.swift in Sources */,
			);
			runOnlyForDeploymentPostprocessing = 0;
		};
/* End PBXSourcesBuildPhase section */

/* Begin PBXTargetDependency section */
		5EC0C98027D8BAB1009C3BE5 /* PBXTargetDependency */ = {
			isa = PBXTargetDependency;
			target = 5EC0C96D27D8BAB0009C3BE5 /* FilmSimulationMemo */;
			targetProxy = 5EC0C97F27D8BAB1009C3BE5 /* PBXContainerItemProxy */;
		};
		5EC0C98A27D8BAB1009C3BE5 /* PBXTargetDependency */ = {
			isa = PBXTargetDependency;
			target = 5EC0C96D27D8BAB0009C3BE5 /* FilmSimulationMemo */;
			targetProxy = 5EC0C98927D8BAB1009C3BE5 /* PBXContainerItemProxy */;
		};
/* End PBXTargetDependency section */

/* Begin XCBuildConfiguration section */
		5EC0C99027D8BAB1009C3BE5 /* Debug */ = {
			isa = XCBuildConfiguration;
			buildSettings = {
				ALWAYS_SEARCH_USER_PATHS = NO;
				CLANG_ANALYZER_NONNULL = YES;
				CLANG_ANALYZER_NUMBER_OBJECT_CONVERSION = YES_AGGRESSIVE;
				CLANG_CXX_LANGUAGE_STANDARD = "gnu++17";
				CLANG_CXX_LIBRARY = "libc++";
				CLANG_ENABLE_MODULES = YES;
				CLANG_ENABLE_OBJC_ARC = YES;
				CLANG_ENABLE_OBJC_WEAK = YES;
				CLANG_WARN_BLOCK_CAPTURE_AUTORELEASING = YES;
				CLANG_WARN_BOOL_CONVERSION = YES;
				CLANG_WARN_COMMA = YES;
				CLANG_WARN_CONSTANT_CONVERSION = YES;
				CLANG_WARN_DEPRECATED_OBJC_IMPLEMENTATIONS = YES;
				CLANG_WARN_DIRECT_OBJC_ISA_USAGE = YES_ERROR;
				CLANG_WARN_DOCUMENTATION_COMMENTS = YES;
				CLANG_WARN_EMPTY_BODY = YES;
				CLANG_WARN_ENUM_CONVERSION = YES;
				CLANG_WARN_INFINITE_RECURSION = YES;
				CLANG_WARN_INT_CONVERSION = YES;
				CLANG_WARN_NON_LITERAL_NULL_CONVERSION = YES;
				CLANG_WARN_OBJC_IMPLICIT_RETAIN_SELF = YES;
				CLANG_WARN_OBJC_LITERAL_CONVERSION = YES;
				CLANG_WARN_OBJC_ROOT_CLASS = YES_ERROR;
				CLANG_WARN_QUOTED_INCLUDE_IN_FRAMEWORK_HEADER = YES;
				CLANG_WARN_RANGE_LOOP_ANALYSIS = YES;
				CLANG_WARN_STRICT_PROTOTYPES = YES;
				CLANG_WARN_SUSPICIOUS_MOVE = YES;
				CLANG_WARN_UNGUARDED_AVAILABILITY = YES_AGGRESSIVE;
				CLANG_WARN_UNREACHABLE_CODE = YES;
				CLANG_WARN__DUPLICATE_METHOD_MATCH = YES;
				COPY_PHASE_STRIP = NO;
				DEBUG_INFORMATION_FORMAT = dwarf;
				ENABLE_STRICT_OBJC_MSGSEND = YES;
				ENABLE_TESTABILITY = YES;
				GCC_C_LANGUAGE_STANDARD = gnu11;
				GCC_DYNAMIC_NO_PIC = NO;
				GCC_NO_COMMON_BLOCKS = YES;
				GCC_OPTIMIZATION_LEVEL = 0;
				GCC_PREPROCESSOR_DEFINITIONS = (
					"DEBUG=1",
					"$(inherited)",
				);
				GCC_WARN_64_TO_32_BIT_CONVERSION = YES;
				GCC_WARN_ABOUT_RETURN_TYPE = YES_ERROR;
				GCC_WARN_UNDECLARED_SELECTOR = YES;
				GCC_WARN_UNINITIALIZED_AUTOS = YES_AGGRESSIVE;
				GCC_WARN_UNUSED_FUNCTION = YES;
				GCC_WARN_UNUSED_VARIABLE = YES;
				IPHONEOS_DEPLOYMENT_TARGET = 15.2;
				MTL_ENABLE_DEBUG_INFO = INCLUDE_SOURCE;
				MTL_FAST_MATH = YES;
				ONLY_ACTIVE_ARCH = YES;
				SDKROOT = iphoneos;
				SWIFT_ACTIVE_COMPILATION_CONDITIONS = DEBUG;
				SWIFT_OPTIMIZATION_LEVEL = "-Onone";
			};
			name = Debug;
		};
		5EC0C99127D8BAB1009C3BE5 /* Release */ = {
			isa = XCBuildConfiguration;
			buildSettings = {
				ALWAYS_SEARCH_USER_PATHS = NO;
				CLANG_ANALYZER_NONNULL = YES;
				CLANG_ANALYZER_NUMBER_OBJECT_CONVERSION = YES_AGGRESSIVE;
				CLANG_CXX_LANGUAGE_STANDARD = "gnu++17";
				CLANG_CXX_LIBRARY = "libc++";
				CLANG_ENABLE_MODULES = YES;
				CLANG_ENABLE_OBJC_ARC = YES;
				CLANG_ENABLE_OBJC_WEAK = YES;
				CLANG_WARN_BLOCK_CAPTURE_AUTORELEASING = YES;
				CLANG_WARN_BOOL_CONVERSION = YES;
				CLANG_WARN_COMMA = YES;
				CLANG_WARN_CONSTANT_CONVERSION = YES;
				CLANG_WARN_DEPRECATED_OBJC_IMPLEMENTATIONS = YES;
				CLANG_WARN_DIRECT_OBJC_ISA_USAGE = YES_ERROR;
				CLANG_WARN_DOCUMENTATION_COMMENTS = YES;
				CLANG_WARN_EMPTY_BODY = YES;
				CLANG_WARN_ENUM_CONVERSION = YES;
				CLANG_WARN_INFINITE_RECURSION = YES;
				CLANG_WARN_INT_CONVERSION = YES;
				CLANG_WARN_NON_LITERAL_NULL_CONVERSION = YES;
				CLANG_WARN_OBJC_IMPLICIT_RETAIN_SELF = YES;
				CLANG_WARN_OBJC_LITERAL_CONVERSION = YES;
				CLANG_WARN_OBJC_ROOT_CLASS = YES_ERROR;
				CLANG_WARN_QUOTED_INCLUDE_IN_FRAMEWORK_HEADER = YES;
				CLANG_WARN_RANGE_LOOP_ANALYSIS = YES;
				CLANG_WARN_STRICT_PROTOTYPES = YES;
				CLANG_WARN_SUSPICIOUS_MOVE = YES;
				CLANG_WARN_UNGUARDED_AVAILABILITY = YES_AGGRESSIVE;
				CLANG_WARN_UNREACHABLE_CODE = YES;
				CLANG_WARN__DUPLICATE_METHOD_MATCH = YES;
				COPY_PHASE_STRIP = NO;
				DEBUG_INFORMATION_FORMAT = "dwarf-with-dsym";
				ENABLE_NS_ASSERTIONS = NO;
				ENABLE_STRICT_OBJC_MSGSEND = YES;
				GCC_C_LANGUAGE_STANDARD = gnu11;
				GCC_NO_COMMON_BLOCKS = YES;
				GCC_WARN_64_TO_32_BIT_CONVERSION = YES;
				GCC_WARN_ABOUT_RETURN_TYPE = YES_ERROR;
				GCC_WARN_UNDECLARED_SELECTOR = YES;
				GCC_WARN_UNINITIALIZED_AUTOS = YES_AGGRESSIVE;
				GCC_WARN_UNUSED_FUNCTION = YES;
				GCC_WARN_UNUSED_VARIABLE = YES;
				IPHONEOS_DEPLOYMENT_TARGET = 15.2;
				MTL_ENABLE_DEBUG_INFO = NO;
				MTL_FAST_MATH = YES;
				SDKROOT = iphoneos;
				SWIFT_COMPILATION_MODE = wholemodule;
				SWIFT_OPTIMIZATION_LEVEL = "-O";
				VALIDATE_PRODUCT = YES;
			};
			name = Release;
		};
		5EC0C99327D8BAB1009C3BE5 /* Debug */ = {
			isa = XCBuildConfiguration;
			buildSettings = {
				ASSETCATALOG_COMPILER_APPICON_NAME = AppIcon;
				ASSETCATALOG_COMPILER_GLOBAL_ACCENT_COLOR_NAME = AccentColor;
				CODE_SIGN_STYLE = Automatic;
				CURRENT_PROJECT_VERSION = 1;
				DEVELOPMENT_ASSET_PATHS = "\"FilmSimulationMemo/Preview Content\"";
				ENABLE_PREVIEWS = YES;
				GENERATE_INFOPLIST_FILE = YES;
				INFOPLIST_KEY_UIApplicationSceneManifest_Generation = YES;
				INFOPLIST_KEY_UIApplicationSupportsIndirectInputEvents = YES;
				INFOPLIST_KEY_UILaunchScreen_Generation = YES;
				INFOPLIST_KEY_UISupportedInterfaceOrientations_iPad = "UIInterfaceOrientationPortrait UIInterfaceOrientationPortraitUpsideDown UIInterfaceOrientationLandscapeLeft UIInterfaceOrientationLandscapeRight";
				INFOPLIST_KEY_UISupportedInterfaceOrientations_iPhone = "UIInterfaceOrientationPortrait UIInterfaceOrientationLandscapeLeft UIInterfaceOrientationLandscapeRight";
				LD_RUNPATH_SEARCH_PATHS = (
					"$(inherited)",
					"@executable_path/Frameworks",
				);
				MARKETING_VERSION = 1.0;
				PRODUCT_BUNDLE_IDENTIFIER = com.shumpei.nagata.FilmSimulationMemo;
				PRODUCT_NAME = "$(TARGET_NAME)";
				SWIFT_EMIT_LOC_STRINGS = YES;
				SWIFT_VERSION = 5.0;
				TARGETED_DEVICE_FAMILY = "1,2";
			};
			name = Debug;
		};
		5EC0C99427D8BAB1009C3BE5 /* Release */ = {
			isa = XCBuildConfiguration;
			buildSettings = {
				ASSETCATALOG_COMPILER_APPICON_NAME = AppIcon;
				ASSETCATALOG_COMPILER_GLOBAL_ACCENT_COLOR_NAME = AccentColor;
				CODE_SIGN_STYLE = Automatic;
				CURRENT_PROJECT_VERSION = 1;
				DEVELOPMENT_ASSET_PATHS = "\"FilmSimulationMemo/Preview Content\"";
				ENABLE_PREVIEWS = YES;
				GENERATE_INFOPLIST_FILE = YES;
				INFOPLIST_KEY_UIApplicationSceneManifest_Generation = YES;
				INFOPLIST_KEY_UIApplicationSupportsIndirectInputEvents = YES;
				INFOPLIST_KEY_UILaunchScreen_Generation = YES;
				INFOPLIST_KEY_UISupportedInterfaceOrientations_iPad = "UIInterfaceOrientationPortrait UIInterfaceOrientationPortraitUpsideDown UIInterfaceOrientationLandscapeLeft UIInterfaceOrientationLandscapeRight";
				INFOPLIST_KEY_UISupportedInterfaceOrientations_iPhone = "UIInterfaceOrientationPortrait UIInterfaceOrientationLandscapeLeft UIInterfaceOrientationLandscapeRight";
				LD_RUNPATH_SEARCH_PATHS = (
					"$(inherited)",
					"@executable_path/Frameworks",
				);
				MARKETING_VERSION = 1.0;
				PRODUCT_BUNDLE_IDENTIFIER = com.shumpei.nagata.FilmSimulationMemo;
				PRODUCT_NAME = "$(TARGET_NAME)";
				SWIFT_EMIT_LOC_STRINGS = YES;
				SWIFT_VERSION = 5.0;
				TARGETED_DEVICE_FAMILY = "1,2";
			};
			name = Release;
		};
		5EC0C99627D8BAB1009C3BE5 /* Debug */ = {
			isa = XCBuildConfiguration;
			buildSettings = {
				ALWAYS_EMBED_SWIFT_STANDARD_LIBRARIES = YES;
				BUNDLE_LOADER = "$(TEST_HOST)";
				CODE_SIGN_STYLE = Automatic;
				CURRENT_PROJECT_VERSION = 1;
				GENERATE_INFOPLIST_FILE = YES;
				IPHONEOS_DEPLOYMENT_TARGET = 15.2;
				MARKETING_VERSION = 1.0;
				PRODUCT_BUNDLE_IDENTIFIER = com.shumpei.nagata.FilmSimulationMemoTests;
				PRODUCT_NAME = "$(TARGET_NAME)";
				SWIFT_EMIT_LOC_STRINGS = NO;
				SWIFT_VERSION = 5.0;
				TARGETED_DEVICE_FAMILY = "1,2";
				TEST_HOST = "$(BUILT_PRODUCTS_DIR)/FilmSimulationMemo.app/FilmSimulationMemo";
			};
			name = Debug;
		};
		5EC0C99727D8BAB1009C3BE5 /* Release */ = {
			isa = XCBuildConfiguration;
			buildSettings = {
				ALWAYS_EMBED_SWIFT_STANDARD_LIBRARIES = YES;
				BUNDLE_LOADER = "$(TEST_HOST)";
				CODE_SIGN_STYLE = Automatic;
				CURRENT_PROJECT_VERSION = 1;
				GENERATE_INFOPLIST_FILE = YES;
				IPHONEOS_DEPLOYMENT_TARGET = 15.2;
				MARKETING_VERSION = 1.0;
				PRODUCT_BUNDLE_IDENTIFIER = com.shumpei.nagata.FilmSimulationMemoTests;
				PRODUCT_NAME = "$(TARGET_NAME)";
				SWIFT_EMIT_LOC_STRINGS = NO;
				SWIFT_VERSION = 5.0;
				TARGETED_DEVICE_FAMILY = "1,2";
				TEST_HOST = "$(BUILT_PRODUCTS_DIR)/FilmSimulationMemo.app/FilmSimulationMemo";
			};
			name = Release;
		};
		5EC0C99927D8BAB1009C3BE5 /* Debug */ = {
			isa = XCBuildConfiguration;
			buildSettings = {
				ALWAYS_EMBED_SWIFT_STANDARD_LIBRARIES = YES;
				CODE_SIGN_STYLE = Automatic;
				CURRENT_PROJECT_VERSION = 1;
				GENERATE_INFOPLIST_FILE = YES;
				MARKETING_VERSION = 1.0;
				PRODUCT_BUNDLE_IDENTIFIER = com.shumpei.nagata.FilmSimulationMemoUITests;
				PRODUCT_NAME = "$(TARGET_NAME)";
				SWIFT_EMIT_LOC_STRINGS = NO;
				SWIFT_VERSION = 5.0;
				TARGETED_DEVICE_FAMILY = "1,2";
				TEST_TARGET_NAME = FilmSimulationMemo;
			};
			name = Debug;
		};
		5EC0C99A27D8BAB1009C3BE5 /* Release */ = {
			isa = XCBuildConfiguration;
			buildSettings = {
				ALWAYS_EMBED_SWIFT_STANDARD_LIBRARIES = YES;
				CODE_SIGN_STYLE = Automatic;
				CURRENT_PROJECT_VERSION = 1;
				GENERATE_INFOPLIST_FILE = YES;
				MARKETING_VERSION = 1.0;
				PRODUCT_BUNDLE_IDENTIFIER = com.shumpei.nagata.FilmSimulationMemoUITests;
				PRODUCT_NAME = "$(TARGET_NAME)";
				SWIFT_EMIT_LOC_STRINGS = NO;
				SWIFT_VERSION = 5.0;
				TARGETED_DEVICE_FAMILY = "1,2";
				TEST_TARGET_NAME = FilmSimulationMemo;
			};
			name = Release;
		};
/* End XCBuildConfiguration section */

/* Begin XCConfigurationList section */
		5EC0C96927D8BAB0009C3BE5 /* Build configuration list for PBXProject "FilmSimulationMemo" */ = {
			isa = XCConfigurationList;
			buildConfigurations = (
				5EC0C99027D8BAB1009C3BE5 /* Debug */,
				5EC0C99127D8BAB1009C3BE5 /* Release */,
			);
			defaultConfigurationIsVisible = 0;
			defaultConfigurationName = Release;
		};
		5EC0C99227D8BAB1009C3BE5 /* Build configuration list for PBXNativeTarget "FilmSimulationMemo" */ = {
			isa = XCConfigurationList;
			buildConfigurations = (
				5EC0C99327D8BAB1009C3BE5 /* Debug */,
				5EC0C99427D8BAB1009C3BE5 /* Release */,
			);
			defaultConfigurationIsVisible = 0;
			defaultConfigurationName = Release;
		};
		5EC0C99527D8BAB1009C3BE5 /* Build configuration list for PBXNativeTarget "FilmSimulationMemoTests" */ = {
			isa = XCConfigurationList;
			buildConfigurations = (
				5EC0C99627D8BAB1009C3BE5 /* Debug */,
				5EC0C99727D8BAB1009C3BE5 /* Release */,
			);
			defaultConfigurationIsVisible = 0;
			defaultConfigurationName = Release;
		};
		5EC0C99827D8BAB1009C3BE5 /* Build configuration list for PBXNativeTarget "FilmSimulationMemoUITests" */ = {
			isa = XCConfigurationList;
			buildConfigurations = (
				5EC0C99927D8BAB1009C3BE5 /* Debug */,
				5EC0C99A27D8BAB1009C3BE5 /* Release */,
			);
			defaultConfigurationIsVisible = 0;
			defaultConfigurationName = Release;
		};
/* End XCConfigurationList section */

/* Begin XCSwiftPackageProductDependency section */
		5E4A674E27D8BB8C00CD84A9 /* FilmSimulationMemoPackage */ = {
			isa = XCSwiftPackageProductDependency;
			productName = FilmSimulationMemoPackage;
		};
/* End XCSwiftPackageProductDependency section */
	};
	rootObject = 5EC0C96627D8BAB0009C3BE5 /* Project object */;
}
